
Microsoft Visual Studio Solution File, Format Version 12.00
# Visual Studio 2012
Project("{FAE04EC0-301F-11D3-BF4B-00C04F79EFBC}") = "ahmede", "ahmede\ahmede.csproj", "{ED8CC490-172A-4CC8-BDA0-01F83C00BDC8}"
EndProject
Global
	GlobalSection(SolutionConfigurationPlatforms) = preSolution
		Debug|Any CPU = Debug|Any CPU
		Release|Any CPU = Release|Any CPU
	EndGlobalSection
	GlobalSection(ProjectConfigurationPlatforms) = postSolution
		{ED8CC490-172A-4CC8-BDA0-01F83C00BDC8}.Debug|Any CPU.ActiveCfg = Debug|Any CPU
		{ED8CC490-172A-4CC8-BDA0-01F83C00BDC8}.Debug|Any CPU.Build.0 = Debug|Any CPU
		{ED8CC490-172A-4CC8-BDA0-01F83C00BDC8}.Release|Any CPU.ActiveCfg = Release|Any CPU
		{ED8CC490-172A-4CC8-BDA0-01F83C00BDC8}.Release|Any CPU.Build.0 = Release|Any CPU
	EndGlobalSection
	GlobalSection(SolutionProperties) = preSolution
		HideSolutionNode = FALSE
	EndGlobalSection
EndGlobal
